
Microsoft Visual Studio Solution File, Format Version 12.00
# Visual Studio Version 17
VisualStudioVersion = 17.14.36717.8 d17.14
MinimumVisualStudioVersion = 10.0.40219.1
Project("{FAE04EC0-301F-11D3-BF4B-00C04F79EFBC}") = "Projet adept", "Projet adept.csproj", "{EBD48C0E-41EE-4824-BF59-D8DC951E7E6B}"
EndProject
Global
	GlobalSection(SolutionConfigurationPlatforms) = preSolution
		Debug|Any CPU = Debug|Any CPU
		Release|Any CPU = Release|Any CPU
	EndGlobalSection
	GlobalSection(ProjectConfigurationPlatforms) = postSolution
		{EBD48C0E-41EE-4824-BF59-D8DC951E7E6B}.Debug|Any CPU.ActiveCfg = Debug|Any CPU
		{EBD48C0E-41EE-4824-BF59-D8DC951E7E6B}.Debug|Any CPU.Build.0 = Debug|Any CPU
		{EBD48C0E-41EE-4824-BF59-D8DC951E7E6B}.Release|Any CPU.ActiveCfg = Release|Any CPU
		{EBD48C0E-41EE-4824-BF59-D8DC951E7E6B}.Release|Any CPU.Build.0 = Release|Any CPU
	EndGlobalSection
	GlobalSection(SolutionProperties) = preSolution
		HideSolutionNode = FALSE
	EndGlobalSection
	GlobalSection(ExtensibilityGlobals) = postSolution
		SolutionGuid = {81503507-2020-4BB1-BFEA-5AC3C07735BB}
	EndGlobalSection
EndGlobal
